{
  "lockfileVersion": 1,
  "dependencies": {
    "foundation-sites": {
      "version": "6.4.1",
      "resolved": "https://registry.npmjs.org/foundation-sites/-/foundation-sites-6.4.1.tgz",
      "integrity": "sha1-Sbv3tZZ1+WkMBFKPQUHNAUcJRTI="
    },
    "jquery": {
      "version": "3.2.1",
      "resolved": "https://registry.npmjs.org/jquery/-/jquery-3.2.1.tgz",
      "integrity": "sha1-XE2d5lKvbNCncBVKYxu6ErAVx4c="
    },
    "what-input": {
      "version": "4.3.0",
      "resolved": "https://registry.npmjs.org/what-input/-/what-input-4.3.0.tgz",
      "integrity": "sha512-zj2uaFT427eoTziY4pu4rnwLjwnUA8UZtMaXOblmXAQ8pGQm5SGKdTCfphGt6tDt9z5CEg2C9I0l6Ng9hf9lmA=="
    }
  }
}
